// !$*UTF8*$!
{
	archiveVersion = 1;
	classes = {
	};
	objectVersion = 50;
	objects = {

/* Begin PBXBuildFile section */
		5E2EFB2B269E6161009A2C2F /* AppDelegate.swift in Sources */ = {isa = PBXBuildFile; fileRef = 5E2EFB2A269E6161009A2C2F /* AppDelegate.swift */; };
		5E2EFB2D269E6161009A2C2F /* SceneDelegate.swift in Sources */ = {isa = PBXBuildFile; fileRef = 5E2EFB2C269E6161009A2C2F /* SceneDelegate.swift */; };
		5E2EFB34269E6164009A2C2F /* Assets.xcassets in Resources */ = {isa = PBXBuildFile; fileRef = 5E2EFB33269E6164009A2C2F /* Assets.xcassets */; };
		5E2EFB37269E6164009A2C2F /* LaunchScreen.storyboard in Resources */ = {isa = PBXBuildFile; fileRef = 5E2EFB35269E6164009A2C2F /* LaunchScreen.storyboard */; };
		5E2EFB42269E631E009A2C2F /* View.swift in Sources */ = {isa = PBXBuildFile; fileRef = 5E2EFB41269E631E009A2C2F /* View.swift */; };
		5E2EFB4A269E6333009A2C2F /* Interactor.swift in Sources */ = {isa = PBXBuildFile; fileRef = 5E2EFB49269E6333009A2C2F /* Interactor.swift */; };
		5E2EFB4E269E6350009A2C2F /* Presenter.swift in Sources */ = {isa = PBXBuildFile; fileRef = 5E2EFB4D269E6350009A2C2F /* Presenter.swift */; };
		5E2EFB51269E6358009A2C2F /* Entity.swift in Sources */ = {isa = PBXBuildFile; fileRef = 5E2EFB50269E6358009A2C2F /* Entity.swift */; };
		5E2EFB54269E635E009A2C2F /* Router.swift in Sources */ = {isa = PBXBuildFile; fileRef = 5E2EFB53269E635E009A2C2F /* Router.swift */; };
/* End PBXBuildFile section */

/* Begin PBXFileReference section */
		5E2EFB27269E6161009A2C2F /* VIper-Sample.app */ = {isa = PBXFileReference; explicitFileType = wrapper.application; includeInIndex = 0; path = "VIper-Sample.app"; sourceTree = BUILT_PRODUCTS_DIR; };
		5E2EFB2A269E6161009A2C2F /* AppDelegate.swift */ = {isa = PBXFileReference; lastKnownFileType = sourcecode.swift; path = AppDelegate.swift; sourceTree = "<group>"; };
		5E2EFB2C269E6161009A2C2F /* SceneDelegate.swift */ = {isa = PBXFileReference; lastKnownFileType = sourcecode.swift; path = SceneDelegate.swift; sourceTree = "<group>"; };
		5E2EFB33269E6164009A2C2F /* Assets.xcassets */ = {isa = PBXFileReference; lastKnownFileType = folder.assetcatalog; path = Assets.xcassets; sourceTree = "<group>"; };
		5E2EFB36269E6164009A2C2F /* Base */ = {isa = PBXFileReference; lastKnownFileType = file.storyboard; name = Base; path = Base.lproj/LaunchScreen.storyboard; sourceTree = "<group>"; };
		5E2EFB38269E6164009A2C2F /* Info.plist */ = {isa = PBXFileReference; lastKnownFileType = text.plist.xml; path = Info.plist; sourceTree = "<group>"; };
		5E2EFB41269E631E009A2C2F /* View.swift */ = {isa = PBXFileReference; lastKnownFileType = sourcecode.swift; path = View.swift; sourceTree = "<group>"; };
		5E2EFB49269E6333009A2C2F /* Interactor.swift */ = {isa = PBXFileReference; lastKnownFileType = sourcecode.swift; path = Interactor.swift; sourceTree = "<group>"; };
		5E2EFB4D269E6350009A2C2F /* Presenter.swift */ = {isa = PBXFileReference; lastKnownFileType = sourcecode.swift; path = Presenter.swift; sourceTree = "<group>"; };
		5E2EFB50269E6358009A2C2F /* Entity.swift */ = {isa = PBXFileReference; lastKnownFileType = sourcecode.swift; path = Entity.swift; sourceTree = "<group>"; };
		5E2EFB53269E635E009A2C2F /* Router.swift */ = {isa = PBXFileReference; lastKnownFileType = sourcecode.swift; path = Router.swift; sourceTree = "<group>"; };
/* End PBXFileReference section */

/* Begin PBXFrameworksBuildPhase section */
		5E2EFB24269E6161009A2C2F /* Frameworks */ = {
			isa = PBXFrameworksBuildPhase;
			buildActionMask = 2147483647;
			files = (
			);
			runOnlyForDeploymentPostprocessing = 0;
		};
/* End PBXFrameworksBuildPhase section */

/* Begin PBXGroup section */
		5E2EFB1E269E6161009A2C2F = {
			isa = PBXGroup;
			children = (
				5E2EFB29269E6161009A2C2F /* VIper-Sample */,
				5E2EFB28269E6161009A2C2F /* Products */,
			);
			sourceTree = "<group>";
		};
		5E2EFB28269E6161009A2C2F /* Products */ = {
			isa = PBXGroup;
			children = (
				5E2EFB27269E6161009A2C2F /* VIper-Sample.app */,
			);
			name = Products;
			sourceTree = "<group>";
		};
		5E2EFB29269E6161009A2C2F /* VIper-Sample */ = {
			isa = PBXGroup;
			children = (
				5E2EFB40269E6311009A2C2F /* VIPER */,
				5E2EFB2A269E6161009A2C2F /* AppDelegate.swift */,
				5E2EFB2C269E6161009A2C2F /* SceneDelegate.swift */,
				5E2EFB33269E6164009A2C2F /* Assets.xcassets */,
				5E2EFB35269E6164009A2C2F /* LaunchScreen.storyboard */,
				5E2EFB38269E6164009A2C2F /* Info.plist */,
			);
			path = "VIper-Sample";
			sourceTree = "<group>";
		};
		5E2EFB40269E6311009A2C2F /* VIPER */ = {
			isa = PBXGroup;
			children = (
				5E2EFB41269E631E009A2C2F /* View.swift */,
				5E2EFB49269E6333009A2C2F /* Interactor.swift */,
				5E2EFB4D269E6350009A2C2F /* Presenter.swift */,
				5E2EFB50269E6358009A2C2F /* Entity.swift */,
				5E2EFB53269E635E009A2C2F /* Router.swift */,
			);
			path = VIPER;
			sourceTree = "<group>";
		};
/* End PBXGroup section */

/* Begin PBXNativeTarget section */
		5E2EFB26269E6161009A2C2F /* VIper-Sample */ = {
			isa = PBXNativeTarget;
			buildConfigurationList = 5E2EFB3B269E6164009A2C2F /* Build configuration list for PBXNativeTarget "VIper-Sample" */;
			buildPhases = (
				5E2EFB23269E6161009A2C2F /* Sources */,
				5E2EFB24269E6161009A2C2F /* Frameworks */,
				5E2EFB25269E6161009A2C2F /* Resources */,
			);
			buildRules = (
			);
			dependencies = (
			);
			name = "VIper-Sample";
			productName = "VIper-Sample";
			productReference = 5E2EFB27269E6161009A2C2F /* VIper-Sample.app */;
			productType = "com.apple.product-type.application";
		};
/* End PBXNativeTarget section */

/* Begin PBXProject section */
		5E2EFB1F269E6161009A2C2F /* Project object */ = {
			isa = PBXProject;
			attributes = {
				LastSwiftUpdateCheck = 1240;
				LastUpgradeCheck = 1240;
				TargetAttributes = {
					5E2EFB26269E6161009A2C2F = {
						CreatedOnToolsVersion = 12.4;
					};
				};
			};
			buildConfigurationList = 5E2EFB22269E6161009A2C2F /* Build configuration list for PBXProject "VIper-Sample" */;
			compatibilityVersion = "Xcode 9.3";
			developmentRegion = en;
			hasScannedForEncodings = 0;
			knownRegions = (
				en,
				Base,
			);
			mainGroup = 5E2EFB1E269E6161009A2C2F;
			productRefGroup = 5E2EFB28269E6161009A2C2F /* Products */;
			projectDirPath = "";
			projectRoot = "";
			targets = (
				5E2EFB26269E6161009A2C2F /* VIper-Sample */,
			);
		};
/* End PBXProject section */

/* Begin PBXResourcesBuildPhase section */
		5E2EFB25269E6161009A2C2F /* Resources */ = {
			isa = PBXResourcesBuildPhase;
			buildActionMask = 2147483647;
			files = (
				5E2EFB37269E6164009A2C2F /* LaunchScreen.storyboard in Resources */,
				5E2EFB34269E6164009A2C2F /* Assets.xcassets in Resources */,
			);
			runOnlyForDeploymentPostprocessing = 0;
		};
/* End PBXResourcesBuildPhase section */

/* Begin PBXSourcesBuildPhase section */
		5E2EFB23269E6161009A2C2F /* Sources */ = {
			isa = PBXSourcesBuildPhase;
			buildActionMask = 2147483647;
			files = (
				5E2EFB54269E635E009A2C2F /* Router.swift in Sources */,
				5E2EFB4E269E6350009A2C2F /* Presenter.swift in Sources */,
				5E2EFB4A269E6333009A2C2F /* Interactor.swift in Sources */,
				5E2EFB51269E6358009A2C2F /* Entity.swift in Sources */,
				5E2EFB42269E631E009A2C2F /* View.swift in Sources */,
				5E2EFB2B269E6161009A2C2F /* AppDelegate.swift in Sources */,
				5E2EFB2D269E6161009A2C2F /* SceneDelegate.swift in Sources */,
			);
			runOnlyForDeploymentPostprocessing = 0;
		};
/* End PBXSourcesBuildPhase section */

/* Begin PBXVariantGroup section */
		5E2EFB35269E6164009A2C2F /* LaunchScreen.storyboard */ = {
			isa = PBXVariantGroup;
			children = (
				5E2EFB36269E6164009A2C2F /* Base */,
			);
			name = LaunchScreen.storyboard;
			sourceTree = "<group>";
		};
/* End PBXVariantGroup section */

/* Begin XCBuildConfiguration section */
		5E2EFB39269E6164009A2C2F /* Debug */ = {
			isa = XCBuildConfiguration;
			buildSettings = {
				ALWAYS_SEARCH_USER_PATHS = NO;
				CLANG_ANALYZER_NONNULL = YES;
				CLANG_ANALYZER_NUMBER_OBJECT_CONVERSION = YES_AGGRESSIVE;
				CLANG_CXX_LANGUAGE_STANDARD = "gnu++14";
				CLANG_CXX_LIBRARY = "libc++";
				CLANG_ENABLE_MODULES = YES;
				CLANG_ENABLE_OBJC_ARC = YES;
				CLANG_ENABLE_OBJC_WEAK = YES;
				CLANG_WARN_BLOCK_CAPTURE_AUTORELEASING = YES;
				CLANG_WARN_BOOL_CONVERSION = YES;
				CLANG_WARN_COMMA = YES;
				CLANG_WARN_CONSTANT_CONVERSION = YES;
				CLANG_WARN_DEPRECATED_OBJC_IMPLEMENTATIONS = YES;
				CLANG_WARN_DIRECT_OBJC_ISA_USAGE = YES_ERROR;
				CLANG_WARN_DOCUMENTATION_COMMENTS = YES;
				CLANG_WARN_EMPTY_BODY = YES;
				CLANG_WARN_ENUM_CONVERSION = YES;
				CLANG_WARN_INFINITE_RECURSION = YES;
				CLANG_WARN_INT_CONVERSION = YES;
				CLANG_WARN_NON_LITERAL_NULL_CONVERSION = YES;
				CLANG_WARN_OBJC_IMPLICIT_RETAIN_SELF = YES;
				CLANG_WARN_OBJC_LITERAL_CONVERSION = YES;
				CLANG_WARN_OBJC_ROOT_CLASS = YES_ERROR;
				CLANG_WARN_QUOTED_INCLUDE_IN_FRAMEWORK_HEADER = YES;
				CLANG_WARN_RANGE_LOOP_ANALYSIS = YES;
				CLANG_WARN_STRICT_PROTOTYPES = YES;
				CLANG_WARN_SUSPICIOUS_MOVE = YES;
				CLANG_WARN_UNGUARDED_AVAILABILITY = YES_AGGRESSIVE;
				CLANG_WARN_UNREACHABLE_CODE = YES;
				CLANG_WARN__DUPLICATE_METHOD_MATCH = YES;
				COPY_PHASE_STRIP = NO;
				DEBUG_INFORMATION_FORMAT = dwarf;
				ENABLE_STRICT_OBJC_MSGSEND = YES;
				ENABLE_TESTABILITY = YES;
				GCC_C_LANGUAGE_STANDARD = gnu11;
				GCC_DYNAMIC_NO_PIC = NO;
				GCC_NO_COMMON_BLOCKS = YES;
				GCC_OPTIMIZATION_LEVEL = 0;
				GCC_PREPROCESSOR_DEFINITIONS = (
					"DEBUG=1",
					"$(inherited)",
				);
				GCC_WARN_64_TO_32_BIT_CONVERSION = YES;
				GCC_WARN_ABOUT_RETURN_TYPE = YES_ERROR;
				GCC_WARN_UNDECLARED_SELECTOR = YES;
				GCC_WARN_UNINITIALIZED_AUTOS = YES_AGGRESSIVE;
				GCC_WARN_UNUSED_FUNCTION = YES;
				GCC_WARN_UNUSED_VARIABLE = YES;
				IPHONEOS_DEPLOYMENT_TARGET = 14.4;
				MTL_ENABLE_DEBUG_INFO = INCLUDE_SOURCE;
				MTL_FAST_MATH = YES;
				ONLY_ACTIVE_ARCH = YES;
				SDKROOT = iphoneos;
				SWIFT_ACTIVE_COMPILATION_CONDITIONS = DEBUG;
				SWIFT_OPTIMIZATION_LEVEL = "-Onone";
			};
			name = Debug;
		};
		5E2EFB3A269E6164009A2C2F /* Release */ = {
			isa = XCBuildConfiguration;
			buildSettings = {
				ALWAYS_SEARCH_USER_PATHS = NO;
				CLANG_ANALYZER_NONNULL = YES;
				CLANG_ANALYZER_NUMBER_OBJECT_CONVERSION = YES_AGGRESSIVE;
				CLANG_CXX_LANGUAGE_STANDARD = "gnu++14";
				CLANG_CXX_LIBRARY = "libc++";
				CLANG_ENABLE_MODULES = YES;
				CLANG_ENABLE_OBJC_ARC = YES;
				CLANG_ENABLE_OBJC_WEAK = YES;
				CLANG_WARN_BLOCK_CAPTURE_AUTORELEASING = YES;
				CLANG_WARN_BOOL_CONVERSION = YES;
				CLANG_WARN_COMMA = YES;
				CLANG_WARN_CONSTANT_CONVERSION = YES;
				CLANG_WARN_DEPRECATED_OBJC_IMPLEMENTATIONS = YES;
				CLANG_WARN_DIRECT_OBJC_ISA_USAGE = YES_ERROR;
				CLANG_WARN_DOCUMENTATION_COMMENTS = YES;
				CLANG_WARN_EMPTY_BODY = YES;
				CLANG_WARN_ENUM_CONVERSION = YES;
				CLANG_WARN_INFINITE_RECURSION = YES;
				CLANG_WARN_INT_CONVERSION = YES;
				CLANG_WARN_NON_LITERAL_NULL_CONVERSION = YES;
				CLANG_WARN_OBJC_IMPLICIT_RETAIN_SELF = YES;
				CLANG_WARN_OBJC_LITERAL_CONVERSION = YES;
				CLANG_WARN_OBJC_ROOT_CLASS = YES_ERROR;
				CLANG_WARN_QUOTED_INCLUDE_IN_FRAMEWORK_HEADER = YES;
				CLANG_WARN_RANGE_LOOP_ANALYSIS = YES;
				CLANG_WARN_STRICT_PROTOTYPES = YES;
				CLANG_WARN_SUSPICIOUS_MOVE = YES;
				CLANG_WARN_UNGUARDED_AVAILABILITY = YES_AGGRESSIVE;
				CLANG_WARN_UNREACHABLE_CODE = YES;
				CLANG_WARN__DUPLICATE_METHOD_MATCH = YES;
				COPY_PHASE_STRIP = NO;
				DEBUG_INFORMATION_FORMAT = "dwarf-with-dsym";
				ENABLE_NS_ASSERTIONS = NO;
				ENABLE_STRICT_OBJC_MSGSEND = YES;
				GCC_C_LANGUAGE_STANDARD = gnu11;
				GCC_NO_COMMON_BLOCKS = YES;
				GCC_WARN_64_TO_32_BIT_CONVERSION = YES;
				GCC_WARN_ABOUT_RETURN_TYPE = YES_ERROR;
				GCC_WARN_UNDECLARED_SELECTOR = YES;
				GCC_WARN_UNINITIALIZED_AUTOS = YES_AGGRESSIVE;
				GCC_WARN_UNUSED_FUNCTION = YES;
				GCC_WARN_UNUSED_VARIABLE = YES;
				IPHONEOS_DEPLOYMENT_TARGET = 14.4;
				MTL_ENABLE_DEBUG_INFO = NO;
				MTL_FAST_MATH = YES;
				SDKROOT = iphoneos;
				SWIFT_COMPILATION_MODE = wholemodule;
				SWIFT_OPTIMIZATION_LEVEL = "-O";
				VALIDATE_PRODUCT = YES;
			};
			name = Release;
		};
		5E2EFB3C269E6164009A2C2F /* Debug */ = {
			isa = XCBuildConfiguration;
			buildSettings = {
				ASSETCATALOG_COMPILER_APPICON_NAME = AppIcon;
				ASSETCATALOG_COMPILER_GLOBAL_ACCENT_COLOR_NAME = AccentColor;
				CODE_SIGN_STYLE = Automatic;
				DEVELOPMENT_TEAM = PCCZJUYRT6;
				INFOPLIST_FILE = "VIper-Sample/Info.plist";
				LD_RUNPATH_SEARCH_PATHS = (
					"$(inherited)",
					"@executable_path/Frameworks",
				);
				PRODUCT_BUNDLE_IDENTIFIER = "kazua.VIper-Sample";
				PRODUCT_NAME = "$(TARGET_NAME)";
				SWIFT_VERSION = 5.0;
				TARGETED_DEVICE_FAMILY = "1,2";
			};
			name = Debug;
		};
		5E2EFB3D269E6164009A2C2F /* Release */ = {
			isa = XCBuildConfiguration;
			buildSettings = {
				ASSETCATALOG_COMPILER_APPICON_NAME = AppIcon;
				ASSETCATALOG_COMPILER_GLOBAL_ACCENT_COLOR_NAME = AccentColor;
				CODE_SIGN_STYLE = Automatic;
				DEVELOPMENT_TEAM = PCCZJUYRT6;
				INFOPLIST_FILE = "VIper-Sample/Info.plist";
				LD_RUNPATH_SEARCH_PATHS = (
					"$(inherited)",
					"@executable_path/Frameworks",
				);
				PRODUCT_BUNDLE_IDENTIFIER = "kazua.VIper-Sample";
				PRODUCT_NAME = "$(TARGET_NAME)";
				SWIFT_VERSION = 5.0;
				TARGETED_DEVICE_FAMILY = "1,2";
			};
			name = Release;
		};
/* End XCBuildConfiguration section */

/* Begin XCConfigurationList section */
		5E2EFB22269E6161009A2C2F /* Build configuration list for PBXProject "VIper-Sample" */ = {
			isa = XCConfigurationList;
			buildConfigurations = (
				5E2EFB39269E6164009A2C2F /* Debug */,
				5E2EFB3A269E6164009A2C2F /* Release */,
			);
			defaultConfigurationIsVisible = 0;
			defaultConfigurationName = Release;
		};
		5E2EFB3B269E6164009A2C2F /* Build configuration list for PBXNativeTarget "VIper-Sample" */ = {
			isa = XCConfigurationList;
			buildConfigurations = (
				5E2EFB3C269E6164009A2C2F /* Debug */,
				5E2EFB3D269E6164009A2C2F /* Release */,
			);
			defaultConfigurationIsVisible = 0;
			defaultConfigurationName = Release;
		};
/* End XCConfigurationList section */
	};
	rootObject = 5E2EFB1F269E6161009A2C2F /* Project object */;
}
